
Microsoft Visual Studio Solution File, Format Version 12.00
# Visual Studio Version 17
VisualStudioVersion = 17.14.36212.18 d17.14
MinimumVisualStudioVersion = 10.0.40219.1
Project("{FAE04EC0-301F-11D3-BF4B-00C04F79EFBC}") = "API", "API\API.csproj", "{27BB8818-BCEF-46BA-AF8B-AF09DF8795A1}"
EndProject
Project("{FAE04EC0-301F-11D3-BF4B-00C04F79EFBC}") = "Core", "Core\Core.csproj", "{7A9474CC-6448-4078-8107-3210C3F286FA}"
EndProject
Project("{FAE04EC0-301F-11D3-BF4B-00C04F79EFBC}") = "Infrastructure", "Infrastructure\Infrastructure.csproj", "{77C19812-7C51-4451-A1EB-0E8D908B8C34}"
EndProject
Project("{E53339B2-1760-4266-BCC7-CA923CBCF16C}") = "docker-compose", "docker-compose.dcproj", "{81DDED9D-158B-E303-5F62-77A2896D2A5A}"
EndProject
Global
	GlobalSection(SolutionConfigurationPlatforms) = preSolution
		Debug|Any CPU = Debug|Any CPU
		Release|Any CPU = Release|Any CPU
	EndGlobalSection
	GlobalSection(ProjectConfigurationPlatforms) = postSolution
		{27BB8818-BCEF-46BA-AF8B-AF09DF8795A1}.Debug|Any CPU.ActiveCfg = Debug|Any CPU
		{27BB8818-BCEF-46BA-AF8B-AF09DF8795A1}.Debug|Any CPU.Build.0 = Debug|Any CPU
		{27BB8818-BCEF-46BA-AF8B-AF09DF8795A1}.Release|Any CPU.ActiveCfg = Release|Any CPU
		{27BB8818-BCEF-46BA-AF8B-AF09DF8795A1}.Release|Any CPU.Build.0 = Release|Any CPU
		{7A9474CC-6448-4078-8107-3210C3F286FA}.Debug|Any CPU.ActiveCfg = Debug|Any CPU
		{7A9474CC-6448-4078-8107-3210C3F286FA}.Debug|Any CPU.Build.0 = Debug|Any CPU
		{7A9474CC-6448-4078-8107-3210C3F286FA}.Release|Any CPU.ActiveCfg = Release|Any CPU
		{7A9474CC-6448-4078-8107-3210C3F286FA}.Release|Any CPU.Build.0 = Release|Any CPU
		{77C19812-7C51-4451-A1EB-0E8D908B8C34}.Debug|Any CPU.ActiveCfg = Debug|Any CPU
		{77C19812-7C51-4451-A1EB-0E8D908B8C34}.Debug|Any CPU.Build.0 = Debug|Any CPU
		{77C19812-7C51-4451-A1EB-0E8D908B8C34}.Release|Any CPU.ActiveCfg = Release|Any CPU
		{77C19812-7C51-4451-A1EB-0E8D908B8C34}.Release|Any CPU.Build.0 = Release|Any CPU
		{81DDED9D-158B-E303-5F62-77A2896D2A5A}.Debug|Any CPU.ActiveCfg = Debug|Any CPU
		{81DDED9D-158B-E303-5F62-77A2896D2A5A}.Debug|Any CPU.Build.0 = Debug|Any CPU
		{81DDED9D-158B-E303-5F62-77A2896D2A5A}.Release|Any CPU.ActiveCfg = Release|Any CPU
		{81DDED9D-158B-E303-5F62-77A2896D2A5A}.Release|Any CPU.Build.0 = Release|Any CPU
	EndGlobalSection
	GlobalSection(SolutionProperties) = preSolution
		HideSolutionNode = FALSE
	EndGlobalSection
	GlobalSection(ExtensibilityGlobals) = postSolution
		SolutionGuid = {A53D086C-5D27-4BB4-B382-44D2C8B08904}
	EndGlobalSection
EndGlobal
